
Microsoft Visual Studio Solution File, Format Version 12.00
# Visual Studio Version 17
Project("{8BC9CEB8-8B4A-11D0-8D11-00A0C91BC942}") = "ALL_BUILD", "ALL_BUILD.vcxproj", "{1303C322-BE0C-3E76-ACF1-B8A5D061E805}"
	ProjectSection(ProjectDependencies) = postProject
		{30DAD50B-0EEC-38B4-919A-F42287D0E22F} = {30DAD50B-0EEC-38B4-919A-F42287D0E22F}
		{D7443D67-3E2C-3C8D-8EF2-F8836D1C4FA9} = {D7443D67-3E2C-3C8D-8EF2-F8836D1C4FA9}
	EndProjectSection
EndProject
Project("{8BC9CEB8-8B4A-11D0-8D11-00A0C91BC942}") = "ZERO_CHECK", "ZERO_CHECK.vcxproj", "{30DAD50B-0EEC-38B4-919A-F42287D0E22F}"
	ProjectSection(ProjectDependencies) = postProject
	EndProjectSection
EndProject
Project("{8BC9CEB8-8B4A-11D0-8D11-00A0C91BC942}") = "dumplsass", "dumplsass.vcxproj", "{D7443D67-3E2C-3C8D-8EF2-F8836D1C4FA9}"
	ProjectSection(ProjectDependencies) = postProject
		{30DAD50B-0EEC-38B4-919A-F42287D0E22F} = {30DAD50B-0EEC-38B4-919A-F42287D0E22F}
	EndProjectSection
EndProject
Global
	GlobalSection(SolutionConfigurationPlatforms) = preSolution
		Debug|x64 = Debug|x64
		Release|x64 = Release|x64
		MinSizeRel|x64 = MinSizeRel|x64
		RelWithDebInfo|x64 = RelWithDebInfo|x64
	EndGlobalSection
	GlobalSection(ProjectConfigurationPlatforms) = postSolution
		{1303C322-BE0C-3E76-ACF1-B8A5D061E805}.Debug|x64.ActiveCfg = Debug|x64
		{1303C322-BE0C-3E76-ACF1-B8A5D061E805}.Release|x64.ActiveCfg = Release|x64
		{1303C322-BE0C-3E76-ACF1-B8A5D061E805}.MinSizeRel|x64.ActiveCfg = MinSizeRel|x64
		{1303C322-BE0C-3E76-ACF1-B8A5D061E805}.RelWithDebInfo|x64.ActiveCfg = RelWithDebInfo|x64
		{30DAD50B-0EEC-38B4-919A-F42287D0E22F}.Debug|x64.ActiveCfg = Debug|x64
		{30DAD50B-0EEC-38B4-919A-F42287D0E22F}.Debug|x64.Build.0 = Debug|x64
		{30DAD50B-0EEC-38B4-919A-F42287D0E22F}.Release|x64.ActiveCfg = Release|x64
		{30DAD50B-0EEC-38B4-919A-F42287D0E22F}.Release|x64.Build.0 = Release|x64
		{30DAD50B-0EEC-38B4-919A-F42287D0E22F}.MinSizeRel|x64.ActiveCfg = MinSizeRel|x64
		{30DAD50B-0EEC-38B4-919A-F42287D0E22F}.MinSizeRel|x64.Build.0 = MinSizeRel|x64
		{30DAD50B-0EEC-38B4-919A-F42287D0E22F}.RelWithDebInfo|x64.ActiveCfg = RelWithDebInfo|x64
		{30DAD50B-0EEC-38B4-919A-F42287D0E22F}.RelWithDebInfo|x64.Build.0 = RelWithDebInfo|x64
		{D7443D67-3E2C-3C8D-8EF2-F8836D1C4FA9}.Debug|x64.ActiveCfg = Debug|x64
		{D7443D67-3E2C-3C8D-8EF2-F8836D1C4FA9}.Debug|x64.Build.0 = Debug|x64
		{D7443D67-3E2C-3C8D-8EF2-F8836D1C4FA9}.Release|x64.ActiveCfg = Release|x64
		{D7443D67-3E2C-3C8D-8EF2-F8836D1C4FA9}.Release|x64.Build.0 = Release|x64
		{D7443D67-3E2C-3C8D-8EF2-F8836D1C4FA9}.MinSizeRel|x64.ActiveCfg = MinSizeRel|x64
		{D7443D67-3E2C-3C8D-8EF2-F8836D1C4FA9}.MinSizeRel|x64.Build.0 = MinSizeRel|x64
		{D7443D67-3E2C-3C8D-8EF2-F8836D1C4FA9}.RelWithDebInfo|x64.ActiveCfg = RelWithDebInfo|x64
		{D7443D67-3E2C-3C8D-8EF2-F8836D1C4FA9}.RelWithDebInfo|x64.Build.0 = RelWithDebInfo|x64
	EndGlobalSection
	GlobalSection(ExtensibilityGlobals) = postSolution
		SolutionGuid = {1306E085-5806-3EFA-A2CA-ADAB23BF4E8F}
	EndGlobalSection
	GlobalSection(ExtensibilityAddIns) = postSolution
	EndGlobalSection
EndGlobal
